
Microsoft Visual Studio Solution File, Format Version 12.00
# Visual Studio Version 16
VisualStudioVersion = 16.0.31729.503
MinimumVisualStudioVersion = 10.0.40219.1
Project("{9A19103F-16F7-4668-BE54-9A1E7A4F7556}") = "ParkingAds", "ParkingAds\ParkingAds.csproj", "{B356D9A6-C3F4-42B7-94F8-256F88CCB46B}"
EndProject
Project("{9A19103F-16F7-4668-BE54-9A1E7A4F7556}") = "ParkingAds.MessageBroker", "ParkingAds.MessageBroker\ParkingAds.MessageBroker.csproj", "{76C6BE7B-0B69-42FB-9463-059366E72C83}"
EndProject
Project("{9A19103F-16F7-4668-BE54-9A1E7A4F7556}") = "ParkingAds.TUI", "ParkingAds.TUI\ParkingAds.TUI.csproj", "{CE98A5E8-7E54-42A3-8E36-A31C44ECB201}"
EndProject
Project("{9A19103F-16F7-4668-BE54-9A1E7A4F7556}") = "ParkingAds.Model", "ParkingAds.Model\ParkingAds.Model.csproj", "{B8CAAFF1-4A9B-45FB-BFDC-0FB4F97F8AAD}"
EndProject
Project("{FAE04EC0-301F-11D3-BF4B-00C04F79EFBC}") = "ParkingAds.MessageModel", "ParkingAds.MessageModel\ParkingAds.MessageModel.csproj", "{C2435D0C-C879-4ACD-BDD7-B64F1B2F2A96}"
EndProject
Project("{FAE04EC0-301F-11D3-BF4B-00C04F79EFBC}") = "ParkingAds.HttpClient", "ParkingAds.HttpClient\ParkingAds.HttpClient.csproj", "{C6AC75B0-964D-4702-82AD-5AE0400DA02D}"
EndProject
Global
	GlobalSection(SolutionConfigurationPlatforms) = preSolution
		Debug|Any CPU = Debug|Any CPU
		Release|Any CPU = Release|Any CPU
	EndGlobalSection
	GlobalSection(ProjectConfigurationPlatforms) = postSolution
		{B356D9A6-C3F4-42B7-94F8-256F88CCB46B}.Debug|Any CPU.ActiveCfg = Debug|Any CPU
		{B356D9A6-C3F4-42B7-94F8-256F88CCB46B}.Debug|Any CPU.Build.0 = Debug|Any CPU
		{B356D9A6-C3F4-42B7-94F8-256F88CCB46B}.Release|Any CPU.ActiveCfg = Release|Any CPU
		{B356D9A6-C3F4-42B7-94F8-256F88CCB46B}.Release|Any CPU.Build.0 = Release|Any CPU
		{76C6BE7B-0B69-42FB-9463-059366E72C83}.Debug|Any CPU.ActiveCfg = Debug|Any CPU
		{76C6BE7B-0B69-42FB-9463-059366E72C83}.Debug|Any CPU.Build.0 = Debug|Any CPU
		{76C6BE7B-0B69-42FB-9463-059366E72C83}.Release|Any CPU.ActiveCfg = Release|Any CPU
		{76C6BE7B-0B69-42FB-9463-059366E72C83}.Release|Any CPU.Build.0 = Release|Any CPU
		{CE98A5E8-7E54-42A3-8E36-A31C44ECB201}.Debug|Any CPU.ActiveCfg = Debug|Any CPU
		{CE98A5E8-7E54-42A3-8E36-A31C44ECB201}.Debug|Any CPU.Build.0 = Debug|Any CPU
		{CE98A5E8-7E54-42A3-8E36-A31C44ECB201}.Release|Any CPU.ActiveCfg = Release|Any CPU
		{CE98A5E8-7E54-42A3-8E36-A31C44ECB201}.Release|Any CPU.Build.0 = Release|Any CPU
		{B8CAAFF1-4A9B-45FB-BFDC-0FB4F97F8AAD}.Debug|Any CPU.ActiveCfg = Debug|Any CPU
		{B8CAAFF1-4A9B-45FB-BFDC-0FB4F97F8AAD}.Debug|Any CPU.Build.0 = Debug|Any CPU
		{B8CAAFF1-4A9B-45FB-BFDC-0FB4F97F8AAD}.Release|Any CPU.ActiveCfg = Release|Any CPU
		{B8CAAFF1-4A9B-45FB-BFDC-0FB4F97F8AAD}.Release|Any CPU.Build.0 = Release|Any CPU
		{C2435D0C-C879-4ACD-BDD7-B64F1B2F2A96}.Debug|Any CPU.ActiveCfg = Debug|Any CPU
		{C2435D0C-C879-4ACD-BDD7-B64F1B2F2A96}.Debug|Any CPU.Build.0 = Debug|Any CPU
		{C2435D0C-C879-4ACD-BDD7-B64F1B2F2A96}.Release|Any CPU.ActiveCfg = Release|Any CPU
		{C2435D0C-C879-4ACD-BDD7-B64F1B2F2A96}.Release|Any CPU.Build.0 = Release|Any CPU
		{C6AC75B0-964D-4702-82AD-5AE0400DA02D}.Debug|Any CPU.ActiveCfg = Debug|Any CPU
		{C6AC75B0-964D-4702-82AD-5AE0400DA02D}.Debug|Any CPU.Build.0 = Debug|Any CPU
		{C6AC75B0-964D-4702-82AD-5AE0400DA02D}.Release|Any CPU.ActiveCfg = Release|Any CPU
		{C6AC75B0-964D-4702-82AD-5AE0400DA02D}.Release|Any CPU.Build.0 = Release|Any CPU
	EndGlobalSection
	GlobalSection(SolutionProperties) = preSolution
		HideSolutionNode = FALSE
	EndGlobalSection
	GlobalSection(ExtensibilityGlobals) = postSolution
		SolutionGuid = {36EDB983-D676-465E-BD86-6CFA373B1559}
	EndGlobalSection
EndGlobal
